
Microsoft Visual Studio Solution File, Format Version 12.00
# Visual Studio Version 17
VisualStudioVersion = 17.4.33205.214
MinimumVisualStudioVersion = 10.0.40219.1
Project("{FAE04EC0-301F-11D3-BF4B-00C04F79EFBC}") = "ImageComparator", "ImageComparator\ImageComparator.csproj", "{5B8CA095-E3F5-41FB-AA4A-2569DCE59FE6}"
EndProject
Project("{FAE04EC0-301F-11D3-BF4B-00C04F79EFBC}") = "ImageComparator.Tests", "ImageComparator.Tests\ImageComparator.Tests.csproj", "{1374DEE0-7993-441D-BF09-6179B0C203B2}"
EndProject
Global
	GlobalSection(SolutionConfigurationPlatforms) = preSolution
		Debug|Any CPU = Debug|Any CPU
		Debug|x64 = Debug|x64
		Debug|x86 = Debug|x86
		Release|Any CPU = Release|Any CPU
		Release|x64 = Release|x64
		Release|x86 = Release|x86
	EndGlobalSection
	GlobalSection(ProjectConfigurationPlatforms) = postSolution
		{5B8CA095-E3F5-41FB-AA4A-2569DCE59FE6}.Debug|Any CPU.ActiveCfg = Debug|x64
		{5B8CA095-E3F5-41FB-AA4A-2569DCE59FE6}.Debug|Any CPU.Build.0 = Debug|x64
		{5B8CA095-E3F5-41FB-AA4A-2569DCE59FE6}.Debug|x64.ActiveCfg = Debug|x64
		{5B8CA095-E3F5-41FB-AA4A-2569DCE59FE6}.Debug|x64.Build.0 = Debug|x64
		{5B8CA095-E3F5-41FB-AA4A-2569DCE59FE6}.Debug|x86.ActiveCfg = Debug|x86
		{5B8CA095-E3F5-41FB-AA4A-2569DCE59FE6}.Debug|x86.Build.0 = Debug|x86
		{5B8CA095-E3F5-41FB-AA4A-2569DCE59FE6}.Release|Any CPU.ActiveCfg = Release|x64
		{5B8CA095-E3F5-41FB-AA4A-2569DCE59FE6}.Release|Any CPU.Build.0 = Release|x64
		{5B8CA095-E3F5-41FB-AA4A-2569DCE59FE6}.Release|x64.ActiveCfg = Release|x64
		{5B8CA095-E3F5-41FB-AA4A-2569DCE59FE6}.Release|x64.Build.0 = Release|x64
		{5B8CA095-E3F5-41FB-AA4A-2569DCE59FE6}.Release|x86.ActiveCfg = Release|x86
		{5B8CA095-E3F5-41FB-AA4A-2569DCE59FE6}.Release|x86.Build.0 = Release|x86
		{1374DEE0-7993-441D-BF09-6179B0C203B2}.Debug|Any CPU.ActiveCfg = Debug|Any CPU
		{1374DEE0-7993-441D-BF09-6179B0C203B2}.Debug|Any CPU.Build.0 = Debug|Any CPU
		{1374DEE0-7993-441D-BF09-6179B0C203B2}.Debug|x64.ActiveCfg = Debug|Any CPU
		{1374DEE0-7993-441D-BF09-6179B0C203B2}.Debug|x64.Build.0 = Debug|Any CPU
		{1374DEE0-7993-441D-BF09-6179B0C203B2}.Debug|x86.ActiveCfg = Debug|Any CPU
		{1374DEE0-7993-441D-BF09-6179B0C203B2}.Debug|x86.Build.0 = Debug|Any CPU
		{1374DEE0-7993-441D-BF09-6179B0C203B2}.Release|Any CPU.ActiveCfg = Release|Any CPU
		{1374DEE0-7993-441D-BF09-6179B0C203B2}.Release|Any CPU.Build.0 = Release|Any CPU
		{1374DEE0-7993-441D-BF09-6179B0C203B2}.Release|x64.ActiveCfg = Release|Any CPU
		{1374DEE0-7993-441D-BF09-6179B0C203B2}.Release|x64.Build.0 = Release|Any CPU
		{1374DEE0-7993-441D-BF09-6179B0C203B2}.Release|x86.ActiveCfg = Release|Any CPU
		{1374DEE0-7993-441D-BF09-6179B0C203B2}.Release|x86.Build.0 = Release|Any CPU
	EndGlobalSection
	GlobalSection(SolutionProperties) = preSolution
		HideSolutionNode = FALSE
	EndGlobalSection
	GlobalSection(ExtensibilityGlobals) = postSolution
		SolutionGuid = {AD9AA203-EC7C-4D50-AD4E-CFE4F00AE649}
	EndGlobalSection
EndGlobal
